// !$*UTF8*$!
{
	archiveVersion = 1;
	classes = {
	};
	objectVersion = 46;
	objects = {

/* Begin PBXBuildFile section */
		1F616EC51F559322002E507B /* AppDelegate.swift in Sources */ = {isa = PBXBuildFile; fileRef = 1F616EC41F559322002E507B /* AppDelegate.swift */; };
		1F616EC71F559322002E507B /* ViewController.swift in Sources */ = {isa = PBXBuildFile; fileRef = 1F616EC61F559322002E507B /* ViewController.swift */; };
		1F616ECA1F559322002E507B /* Main.storyboard in Resources */ = {isa = PBXBuildFile; fileRef = 1F616EC81F559322002E507B /* Main.storyboard */; };
		1F616ECC1F559322002E507B /* Assets.xcassets in Resources */ = {isa = PBXBuildFile; fileRef = 1F616ECB1F559322002E507B /* Assets.xcassets */; };
		1F616ECF1F559322002E507B /* LaunchScreen.storyboard in Resources */ = {isa = PBXBuildFile; fileRef = 1F616ECD1F559322002E507B /* LaunchScreen.storyboard */; };
		1F616ED71F55932C002E507B /* Category+Color.swift in Sources */ = {isa = PBXBuildFile; fileRef = 1F616ED61F55932C002E507B /* Category+Color.swift */; };
/* End PBXBuildFile section */

/* Begin PBXFileReference section */
		1F616EC11F559322002E507B /* HexToRgb.app */ = {isa = PBXFileReference; explicitFileType = wrapper.application; includeInIndex = 0; path = HexToRgb.app; sourceTree = BUILT_PRODUCTS_DIR; };
		1F616EC41F559322002E507B /* AppDelegate.swift */ = {isa = PBXFileReference; lastKnownFileType = sourcecode.swift; path = AppDelegate.swift; sourceTree = "<group>"; };
		1F616EC61F559322002E507B /* ViewController.swift */ = {isa = PBXFileReference; lastKnownFileType = sourcecode.swift; path = ViewController.swift; sourceTree = "<group>"; };
		1F616EC91F559322002E507B /* Base */ = {isa = PBXFileReference; lastKnownFileType = file.storyboard; name = Base; path = Base.lproj/Main.storyboard; sourceTree = "<group>"; };
		1F616ECB1F559322002E507B /* Assets.xcassets */ = {isa = PBXFileReference; lastKnownFileType = folder.assetcatalog; path = Assets.xcassets; sourceTree = "<group>"; };
		1F616ECE1F559322002E507B /* Base */ = {isa = PBXFileReference; lastKnownFileType = file.storyboard; name = Base; path = Base.lproj/LaunchScreen.storyboard; sourceTree = "<group>"; };
		1F616ED01F559322002E507B /* Info.plist */ = {isa = PBXFileReference; lastKnownFileType = text.plist.xml; path = Info.plist; sourceTree = "<group>"; };
		1F616ED61F55932C002E507B /* Category+Color.swift */ = {isa = PBXFileReference; fileEncoding = 4; lastKnownFileType = sourcecode.swift; path = "Category+Color.swift"; sourceTree = "<group>"; };
/* End PBXFileReference section */

/* Begin PBXFrameworksBuildPhase section */
		1F616EBE1F559322002E507B /* Frameworks */ = {
			isa = PBXFrameworksBuildPhase;
			buildActionMask = 2147483647;
			files = (
			);
			runOnlyForDeploymentPostprocessing = 0;
		};
/* End PBXFrameworksBuildPhase section */

/* Begin PBXGroup section */
		1F616EB81F559322002E507B = {
			isa = PBXGroup;
			children = (
				1F616EC31F559322002E507B /* HexToRgb */,
				1F616EC21F559322002E507B /* Products */,
			);
			sourceTree = "<group>";
		};
		1F616EC21F559322002E507B /* Products */ = {
			isa = PBXGroup;
			children = (
				1F616EC11F559322002E507B /* HexToRgb.app */,
			);
			name = Products;
			sourceTree = "<group>";
		};
		1F616EC31F559322002E507B /* HexToRgb */ = {
			isa = PBXGroup;
			children = (
				1F616ED61F55932C002E507B /* Category+Color.swift */,
				1F616EC41F559322002E507B /* AppDelegate.swift */,
				1F616EC61F559322002E507B /* ViewController.swift */,
				1F616EC81F559322002E507B /* Main.storyboard */,
				1F616ECB1F559322002E507B /* Assets.xcassets */,
				1F616ECD1F559322002E507B /* LaunchScreen.storyboard */,
				1F616ED01F559322002E507B /* Info.plist */,
			);
			path = HexToRgb;
			sourceTree = "<group>";
		};
/* End PBXGroup section */

/* Begin PBXNativeTarget section */
		1F616EC01F559322002E507B /* HexToRgb */ = {
			isa = PBXNativeTarget;
			buildConfigurationList = 1F616ED31F559322002E507B /* Build configuration list for PBXNativeTarget "HexToRgb" */;
			buildPhases = (
				1F616EBD1F559322002E507B /* Sources */,
				1F616EBE1F559322002E507B /* Frameworks */,
				1F616EBF1F559322002E507B /* Resources */,
			);
			buildRules = (
			);
			dependencies = (
			);
			name = HexToRgb;
			productName = HexToRgb;
			productReference = 1F616EC11F559322002E507B /* HexToRgb.app */;
			productType = "com.apple.product-type.application";
		};
/* End PBXNativeTarget section */

/* Begin PBXProject section */
		1F616EB91F559322002E507B /* Project object */ = {
			isa = PBXProject;
			attributes = {
				LastSwiftUpdateCheck = 0830;
				LastUpgradeCheck = 0830;
				ORGANIZATIONNAME = "Shamkhal Guliyev";
				TargetAttributes = {
					1F616EC01F559322002E507B = {
						CreatedOnToolsVersion = 8.3.2;
						DevelopmentTeam = 9TDEENMMAL;
						ProvisioningStyle = Automatic;
					};
				};
			};
			buildConfigurationList = 1F616EBC1F559322002E507B /* Build configuration list for PBXProject "HexToRgb" */;
			compatibilityVersion = "Xcode 3.2";
			developmentRegion = English;
			hasScannedForEncodings = 0;
			knownRegions = (
				en,
				Base,
			);
			mainGroup = 1F616EB81F559322002E507B;
			productRefGroup = 1F616EC21F559322002E507B /* Products */;
			projectDirPath = "";
			projectRoot = "";
			targets = (
				1F616EC01F559322002E507B /* HexToRgb */,
			);
		};
/* End PBXProject section */

/* Begin PBXResourcesBuildPhase section */
		1F616EBF1F559322002E507B /* Resources */ = {
			isa = PBXResourcesBuildPhase;
			buildActionMask = 2147483647;
			files = (
				1F616ECF1F559322002E507B /* LaunchScreen.storyboard in Resources */,
				1F616ECC1F559322002E507B /* Assets.xcassets in Resources */,
				1F616ECA1F559322002E507B /* Main.storyboard in Resources */,
			);
			runOnlyForDeploymentPostprocessing = 0;
		};
/* End PBXResourcesBuildPhase section */

/* Begin PBXSourcesBuildPhase section */
		1F616EBD1F559322002E507B /* Sources */ = {
			isa = PBXSourcesBuildPhase;
			buildActionMask = 2147483647;
			files = (
				1F616EC71F559322002E507B /* ViewController.swift in Sources */,
				1F616ED71F55932C002E507B /* Category+Color.swift in Sources */,
				1F616EC51F559322002E507B /* AppDelegate.swift in Sources */,
			);
			runOnlyForDeploymentPostprocessing = 0;
		};
/* End PBXSourcesBuildPhase section */

/* Begin PBXVariantGroup section */
		1F616EC81F559322002E507B /* Main.storyboard */ = {
			isa = PBXVariantGroup;
			children = (
				1F616EC91F559322002E507B /* Base */,
			);
			name = Main.storyboard;
			sourceTree = "<group>";
		};
		1F616ECD1F559322002E507B /* LaunchScreen.storyboard */ = {
			isa = PBXVariantGroup;
			children = (
				1F616ECE1F559322002E507B /* Base */,
			);
			name = LaunchScreen.storyboard;
			sourceTree = "<group>";
		};
/* End PBXVariantGroup section */

/* Begin XCBuildConfiguration section */
		1F616ED11F559322002E507B /* Debug */ = {
			isa = XCBuildConfiguration;
			buildSettings = {
				ALWAYS_SEARCH_USER_PATHS = NO;
				CLANG_ANALYZER_NONNULL = YES;
				CLANG_ANALYZER_NUMBER_OBJECT_CONVERSION = YES_AGGRESSIVE;
				CLANG_CXX_LANGUAGE_STANDARD = "gnu++0x";
				CLANG_CXX_LIBRARY = "libc++";
				CLANG_ENABLE_MODULES = YES;
				CLANG_ENABLE_OBJC_ARC = YES;
				CLANG_WARN_BOOL_CONVERSION = YES;
				CLANG_WARN_CONSTANT_CONVERSION = YES;
				CLANG_WARN_DIRECT_OBJC_ISA_USAGE = YES_ERROR;
				CLANG_WARN_DOCUMENTATION_COMMENTS = YES;
				CLANG_WARN_EMPTY_BODY = YES;
				CLANG_WARN_ENUM_CONVERSION = YES;
				CLANG_WARN_INFINITE_RECURSION = YES;
				CLANG_WARN_INT_CONVERSION = YES;
				CLANG_WARN_OBJC_ROOT_CLASS = YES_ERROR;
				CLANG_WARN_SUSPICIOUS_MOVE = YES;
				CLANG_WARN_UNREACHABLE_CODE = YES;
				CLANG_WARN__DUPLICATE_METHOD_MATCH = YES;
				"CODE_SIGN_IDENTITY[sdk=iphoneos*]" = "iPhone Developer";
				COPY_PHASE_STRIP = NO;
				DEBUG_INFORMATION_FORMAT = dwarf;
				ENABLE_STRICT_OBJC_MSGSEND = YES;
				ENABLE_TESTABILITY = YES;
				GCC_C_LANGUAGE_STANDARD = gnu99;
				GCC_DYNAMIC_NO_PIC = NO;
				GCC_NO_COMMON_BLOCKS = YES;
				GCC_OPTIMIZATION_LEVEL = 0;
				GCC_PREPROCESSOR_DEFINITIONS = (
					"DEBUG=1",
					"$(inherited)",
				);
				GCC_WARN_64_TO_32_BIT_CONVERSION = YES;
				GCC_WARN_ABOUT_RETURN_TYPE = YES_ERROR;
				GCC_WARN_UNDECLARED_SELECTOR = YES;
				GCC_WARN_UNINITIALIZED_AUTOS = YES_AGGRESSIVE;
				GCC_WARN_UNUSED_FUNCTION = YES;
				GCC_WARN_UNUSED_VARIABLE = YES;
				IPHONEOS_DEPLOYMENT_TARGET = 10.3;
				MTL_ENABLE_DEBUG_INFO = YES;
				ONLY_ACTIVE_ARCH = YES;
				SDKROOT = iphoneos;
				SWIFT_ACTIVE_COMPILATION_CONDITIONS = DEBUG;
				SWIFT_OPTIMIZATION_LEVEL = "-Onone";
				TARGETED_DEVICE_FAMILY = "1,2";
			};
			name = Debug;
		};
		1F616ED21F559322002E507B /* Release */ = {
			isa = XCBuildConfiguration;
			buildSettings = {
				ALWAYS_SEARCH_USER_PATHS = NO;
				CLANG_ANALYZER_NONNULL = YES;
				CLANG_ANALYZER_NUMBER_OBJECT_CONVERSION = YES_AGGRESSIVE;
				CLANG_CXX_LANGUAGE_STANDARD = "gnu++0x";
				CLANG_CXX_LIBRARY = "libc++";
				CLANG_ENABLE_MODULES = YES;
				CLANG_ENABLE_OBJC_ARC = YES;
				CLANG_WARN_BOOL_CONVERSION = YES;
				CLANG_WARN_CONSTANT_CONVERSION = YES;
				CLANG_WARN_DIRECT_OBJC_ISA_USAGE = YES_ERROR;
				CLANG_WARN_DOCUMENTATION_COMMENTS = YES;
				CLANG_WARN_EMPTY_BODY = YES;
				CLANG_WARN_ENUM_CONVERSION = YES;
				CLANG_WARN_INFINITE_RECURSION = YES;
				CLANG_WARN_INT_CONVERSION = YES;
				CLANG_WARN_OBJC_ROOT_CLASS = YES_ERROR;
				CLANG_WARN_SUSPICIOUS_MOVE = YES;
				CLANG_WARN_UNREACHABLE_CODE = YES;
				CLANG_WARN__DUPLICATE_METHOD_MATCH = YES;
				"CODE_SIGN_IDENTITY[sdk=iphoneos*]" = "iPhone Developer";
				COPY_PHASE_STRIP = NO;
				DEBUG_INFORMATION_FORMAT = "dwarf-with-dsym";
				ENABLE_NS_ASSERTIONS = NO;
				ENABLE_STRICT_OBJC_MSGSEND = YES;
				GCC_C_LANGUAGE_STANDARD = gnu99;
				GCC_NO_COMMON_BLOCKS = YES;
				GCC_WARN_64_TO_32_BIT_CONVERSION = YES;
				GCC_WARN_ABOUT_RETURN_TYPE = YES_ERROR;
				GCC_WARN_UNDECLARED_SELECTOR = YES;
				GCC_WARN_UNINITIALIZED_AUTOS = YES_AGGRESSIVE;
				GCC_WARN_UNUSED_FUNCTION = YES;
				GCC_WARN_UNUSED_VARIABLE = YES;
				IPHONEOS_DEPLOYMENT_TARGET = 10.3;
				MTL_ENABLE_DEBUG_INFO = NO;
				SDKROOT = iphoneos;
				SWIFT_OPTIMIZATION_LEVEL = "-Owholemodule";
				TARGETED_DEVICE_FAMILY = "1,2";
				VALIDATE_PRODUCT = YES;
			};
			name = Release;
		};
		1F616ED41F559322002E507B /* Debug */ = {
			isa = XCBuildConfiguration;
			buildSettings = {
				ASSETCATALOG_COMPILER_APPICON_NAME = AppIcon;
				DEVELOPMENT_TEAM = 9TDEENMMAL;
				INFOPLIST_FILE = HexToRgb/Info.plist;
				LD_RUNPATH_SEARCH_PATHS = "$(inherited) @executable_path/Frameworks";
				PRODUCT_BUNDLE_IDENTIFIER = com.shamxal.HexToRgb;
				PRODUCT_NAME = "$(TARGET_NAME)";
				SWIFT_VERSION = 3.0;
			};
			name = Debug;
		};
		1F616ED51F559322002E507B /* Release */ = {
			isa = XCBuildConfiguration;
			buildSettings = {
				ASSETCATALOG_COMPILER_APPICON_NAME = AppIcon;
				DEVELOPMENT_TEAM = 9TDEENMMAL;
				INFOPLIST_FILE = HexToRgb/Info.plist;
				LD_RUNPATH_SEARCH_PATHS = "$(inherited) @executable_path/Frameworks";
				PRODUCT_BUNDLE_IDENTIFIER = com.shamxal.HexToRgb;
				PRODUCT_NAME = "$(TARGET_NAME)";
				SWIFT_VERSION = 3.0;
			};
			name = Release;
		};
/* End XCBuildConfiguration section */

/* Begin XCConfigurationList section */
		1F616EBC1F559322002E507B /* Build configuration list for PBXProject "HexToRgb" */ = {
			isa = XCConfigurationList;
			buildConfigurations = (
				1F616ED11F559322002E507B /* Debug */,
				1F616ED21F559322002E507B /* Release */,
			);
			defaultConfigurationIsVisible = 0;
			defaultConfigurationName = Release;
		};
		1F616ED31F559322002E507B /* Build configuration list for PBXNativeTarget "HexToRgb" */ = {
			isa = XCConfigurationList;
			buildConfigurations = (
				1F616ED41F559322002E507B /* Debug */,
				1F616ED51F559322002E507B /* Release */,
			);
			defaultConfigurationIsVisible = 0;
		};
/* End XCConfigurationList section */
	};
	rootObject = 1F616EB91F559322002E507B /* Project object */;
}
